
Microsoft Visual Studio Solution File, Format Version 12.00
# Visual Studio Version 16
VisualStudioVersion = 16.0.31410.357
MinimumVisualStudioVersion = 10.0.40219.1
Project("{FAE04EC0-301F-11D3-BF4B-00C04F79EFBC}") = "Desarrollo Web ASP Core", "Desarrollo Web ASP Core\Desarrollo Web ASP Core.csproj", "{F81D1AE2-F17E-4D02-B26A-CAB41822D0DD}"
EndProject
Global
	GlobalSection(SolutionConfigurationPlatforms) = preSolution
		Debug|Any CPU = Debug|Any CPU
		Release|Any CPU = Release|Any CPU
	EndGlobalSection
	GlobalSection(ProjectConfigurationPlatforms) = postSolution
		{F81D1AE2-F17E-4D02-B26A-CAB41822D0DD}.Debug|Any CPU.ActiveCfg = Debug|Any CPU
		{F81D1AE2-F17E-4D02-B26A-CAB41822D0DD}.Debug|Any CPU.Build.0 = Debug|Any CPU
		{F81D1AE2-F17E-4D02-B26A-CAB41822D0DD}.Release|Any CPU.ActiveCfg = Release|Any CPU
		{F81D1AE2-F17E-4D02-B26A-CAB41822D0DD}.Release|Any CPU.Build.0 = Release|Any CPU
	EndGlobalSection
	GlobalSection(SolutionProperties) = preSolution
		HideSolutionNode = FALSE
	EndGlobalSection
	GlobalSection(ExtensibilityGlobals) = postSolution
		SolutionGuid = {92D7D582-9399-47F2-B802-D12412B4BA40}
	EndGlobalSection
EndGlobal
